// !$*UTF8*$!
{
	archiveVersion = 1;
	classes = {
	};
	objectVersion = 46;
	objects = {

/* Begin PBXBuildFile section */
		4931BE671C5F05B400D8A552 /* SampleNavigationController.m in Sources */ = {isa = PBXBuildFile; fileRef = 4931BE661C5F05B400D8A552 /* SampleNavigationController.m */; };
		4931BE6B1C5F158C00D8A552 /* UIKit.framework in Frameworks */ = {isa = PBXBuildFile; fileRef = 4931BE6A1C5F158C00D8A552 /* UIKit.framework */; };
		4931BE6D1C5F159800D8A552 /* CoreBluetooth.framework in Frameworks */ = {isa = PBXBuildFile; fileRef = 4931BE6C1C5F159800D8A552 /* CoreBluetooth.framework */; };
		4931BE6F1C5F15A800D8A552 /* SystemConfiguration.framework in Frameworks */ = {isa = PBXBuildFile; fileRef = 4931BE6E1C5F15A800D8A552 /* SystemConfiguration.framework */; };
		4931BE731C5F4A6F00D8A552 /* ConnectionViewController.m in Sources */ = {isa = PBXBuildFile; fileRef = 4931BE721C5F4A6F00D8A552 /* ConnectionViewController.m */; };
		4931BE781C6048F100D8A552 /* SapienRemoteController.m in Sources */ = {isa = PBXBuildFile; fileRef = 4931BE771C6048F100D8A552 /* SapienRemoteController.m */; };
		4931BE791C604D8200D8A552 /* WowweeRoboRemoteSDK.framework in Frameworks */ = {isa = PBXBuildFile; fileRef = 4931BE681C5F155600D8A552 /* WowweeRoboRemoteSDK.framework */; };
		4931BE7A1C604D8200D8A552 /* WowweeRoboRemoteSDK.framework in Embed Frameworks */ = {isa = PBXBuildFile; fileRef = 4931BE681C5F155600D8A552 /* WowweeRoboRemoteSDK.framework */; settings = {ATTRIBUTES = (CodeSignOnCopy, RemoveHeadersOnCopy, ); }; };
		4931BE7E1C60954D00D8A552 /* RaptorRemoteController.m in Sources */ = {isa = PBXBuildFile; fileRef = 4931BE7D1C60954D00D8A552 /* RaptorRemoteController.m */; };
		49A1965B1C5B72B300A01A20 /* main.m in Sources */ = {isa = PBXBuildFile; fileRef = 49A1965A1C5B72B300A01A20 /* main.m */; };
		49A1965E1C5B72B300A01A20 /* AppDelegate.m in Sources */ = {isa = PBXBuildFile; fileRef = 49A1965D1C5B72B300A01A20 /* AppDelegate.m */; };
		49A196641C5B72B300A01A20 /* Main.storyboard in Resources */ = {isa = PBXBuildFile; fileRef = 49A196621C5B72B300A01A20 /* Main.storyboard */; };
		49A196661C5B72B300A01A20 /* Assets.xcassets in Resources */ = {isa = PBXBuildFile; fileRef = 49A196651C5B72B300A01A20 /* Assets.xcassets */; };
		49A196691C5B72B300A01A20 /* LaunchScreen.storyboard in Resources */ = {isa = PBXBuildFile; fileRef = 49A196671C5B72B300A01A20 /* LaunchScreen.storyboard */; };
/* End PBXBuildFile section */

/* Begin PBXCopyFilesBuildPhase section */
		4931BE7B1C604D8200D8A552 /* Embed Frameworks */ = {
			isa = PBXCopyFilesBuildPhase;
			buildActionMask = 2147483647;
			dstPath = "";
			dstSubfolderSpec = 10;
			files = (
				4931BE7A1C604D8200D8A552 /* WowweeRoboRemoteSDK.framework in Embed Frameworks */,
			);
			name = "Embed Frameworks";
			runOnlyForDeploymentPostprocessing = 0;
		};
/* End PBXCopyFilesBuildPhase section */

/* Begin PBXFileReference section */
		4931BE651C5F05B400D8A552 /* SampleNavigationController.h */ = {isa = PBXFileReference; fileEncoding = 4; lastKnownFileType = sourcecode.c.h; path = SampleNavigationController.h; sourceTree = "<group>"; };
		4931BE661C5F05B400D8A552 /* SampleNavigationController.m */ = {isa = PBXFileReference; fileEncoding = 4; lastKnownFileType = sourcecode.c.objc; path = SampleNavigationController.m; sourceTree = "<group>"; };
		4931BE681C5F155600D8A552 /* WowweeRoboRemoteSDK.framework */ = {isa = PBXFileReference; lastKnownFileType = wrapper.framework; name = WowweeRoboRemoteSDK.framework; path = SDKs/WowweeRoboRemoteSDK.framework; sourceTree = "<group>"; };
		4931BE6A1C5F158C00D8A552 /* UIKit.framework */ = {isa = PBXFileReference; lastKnownFileType = wrapper.framework; name = UIKit.framework; path = System/Library/Frameworks/UIKit.framework; sourceTree = SDKROOT; };
		4931BE6C1C5F159800D8A552 /* CoreBluetooth.framework */ = {isa = PBXFileReference; lastKnownFileType = wrapper.framework; name = CoreBluetooth.framework; path = System/Library/Frameworks/CoreBluetooth.framework; sourceTree = SDKROOT; };
		4931BE6E1C5F15A800D8A552 /* SystemConfiguration.framework */ = {isa = PBXFileReference; lastKnownFileType = wrapper.framework; name = SystemConfiguration.framework; path = System/Library/Frameworks/SystemConfiguration.framework; sourceTree = SDKROOT; };
		4931BE711C5F4A6F00D8A552 /* ConnectionViewController.h */ = {isa = PBXFileReference; fileEncoding = 4; lastKnownFileType = sourcecode.c.h; path = ConnectionViewController.h; sourceTree = "<group>"; };
		4931BE721C5F4A6F00D8A552 /* ConnectionViewController.m */ = {isa = PBXFileReference; fileEncoding = 4; lastKnownFileType = sourcecode.c.objc; path = ConnectionViewController.m; sourceTree = "<group>"; };
		4931BE741C5F4CCD00D8A552 /* roboremoteblueSample-Prefix.pch */ = {isa = PBXFileReference; lastKnownFileType = sourcecode.c.h; path = "roboremoteblueSample-Prefix.pch"; sourceTree = "<group>"; };
		4931BE751C5F658800D8A552 /* ConstantsDefinition.h */ = {isa = PBXFileReference; lastKnownFileType = sourcecode.c.h; path = ConstantsDefinition.h; sourceTree = "<group>"; };
		4931BE761C6048F100D8A552 /* SapienRemoteController.h */ = {isa = PBXFileReference; fileEncoding = 4; lastKnownFileType = sourcecode.c.h; path = SapienRemoteController.h; sourceTree = "<group>"; };
		4931BE771C6048F100D8A552 /* SapienRemoteController.m */ = {isa = PBXFileReference; fileEncoding = 4; lastKnownFileType = sourcecode.c.objc; path = SapienRemoteController.m; sourceTree = "<group>"; };
		4931BE7C1C60954D00D8A552 /* RaptorRemoteController.h */ = {isa = PBXFileReference; fileEncoding = 4; lastKnownFileType = sourcecode.c.h; path = RaptorRemoteController.h; sourceTree = "<group>"; };
		4931BE7D1C60954D00D8A552 /* RaptorRemoteController.m */ = {isa = PBXFileReference; fileEncoding = 4; lastKnownFileType = sourcecode.c.objc; path = RaptorRemoteController.m; sourceTree = "<group>"; };
		49A196561C5B72B300A01A20 /* roboremoteblueSample.app */ = {isa = PBXFileReference; explicitFileType = wrapper.application; includeInIndex = 0; path = roboremoteblueSample.app; sourceTree = BUILT_PRODUCTS_DIR; };
		49A1965A1C5B72B300A01A20 /* main.m */ = {isa = PBXFileReference; lastKnownFileType = sourcecode.c.objc; path = main.m; sourceTree = "<group>"; };
		49A1965C1C5B72B300A01A20 /* AppDelegate.h */ = {isa = PBXFileReference; lastKnownFileType = sourcecode.c.h; path = AppDelegate.h; sourceTree = "<group>"; };
		49A1965D1C5B72B300A01A20 /* AppDelegate.m */ = {isa = PBXFileReference; lastKnownFileType = sourcecode.c.objc; path = AppDelegate.m; sourceTree = "<group>"; };
		49A196631C5B72B300A01A20 /* Base */ = {isa = PBXFileReference; lastKnownFileType = file.storyboard; name = Base; path = Base.lproj/Main.storyboard; sourceTree = "<group>"; };
		49A196651C5B72B300A01A20 /* Assets.xcassets */ = {isa = PBXFileReference; lastKnownFileType = folder.assetcatalog; path = Assets.xcassets; sourceTree = "<group>"; };
		49A196681C5B72B300A01A20 /* Base */ = {isa = PBXFileReference; lastKnownFileType = file.storyboard; name = Base; path = Base.lproj/LaunchScreen.storyboard; sourceTree = "<group>"; };
		49A1966A1C5B72B300A01A20 /* Info.plist */ = {isa = PBXFileReference; lastKnownFileType = text.plist.xml; path = Info.plist; sourceTree = "<group>"; };
/* End PBXFileReference section */

/* Begin PBXFrameworksBuildPhase section */
		49A196531C5B72B300A01A20 /* Frameworks */ = {
			isa = PBXFrameworksBuildPhase;
			buildActionMask = 2147483647;
			files = (
				4931BE6F1C5F15A800D8A552 /* SystemConfiguration.framework in Frameworks */,
				4931BE6D1C5F159800D8A552 /* CoreBluetooth.framework in Frameworks */,
				4931BE791C604D8200D8A552 /* WowweeRoboRemoteSDK.framework in Frameworks */,
				4931BE6B1C5F158C00D8A552 /* UIKit.framework in Frameworks */,
			);
			runOnlyForDeploymentPostprocessing = 0;
		};
/* End PBXFrameworksBuildPhase section */

/* Begin PBXGroup section */
		4931BE631C5F057700D8A552 /* Controllers */ = {
			isa = PBXGroup;
			children = (
				4931BE651C5F05B400D8A552 /* SampleNavigationController.h */,
				4931BE661C5F05B400D8A552 /* SampleNavigationController.m */,
				4931BE711C5F4A6F00D8A552 /* ConnectionViewController.h */,
				4931BE721C5F4A6F00D8A552 /* ConnectionViewController.m */,
				4931BE761C6048F100D8A552 /* SapienRemoteController.h */,
				4931BE771C6048F100D8A552 /* SapienRemoteController.m */,
				4931BE7C1C60954D00D8A552 /* RaptorRemoteController.h */,
				4931BE7D1C60954D00D8A552 /* RaptorRemoteController.m */,
			);
			name = Controllers;
			sourceTree = "<group>";
		};
		4931BE641C5F059A00D8A552 /* Utils */ = {
			isa = PBXGroup;
			children = (
				4931BE751C5F658800D8A552 /* ConstantsDefinition.h */,
			);
			name = Utils;
			sourceTree = "<group>";
		};
		4931BE701C5F168000D8A552 /* Views */ = {
			isa = PBXGroup;
			children = (
			);
			name = Views;
			sourceTree = "<group>";
		};
		49A1964D1C5B72B300A01A20 = {
			isa = PBXGroup;
			children = (
				4931BE681C5F155600D8A552 /* WowweeRoboRemoteSDK.framework */,
				49A196581C5B72B300A01A20 /* roboremoteblueSample */,
				49A196571C5B72B300A01A20 /* Products */,
				4931BE6E1C5F15A800D8A552 /* SystemConfiguration.framework */,
				4931BE6C1C5F159800D8A552 /* CoreBluetooth.framework */,
				4931BE6A1C5F158C00D8A552 /* UIKit.framework */,
			);
			sourceTree = "<group>";
		};
		49A196571C5B72B300A01A20 /* Products */ = {
			isa = PBXGroup;
			children = (
				49A196561C5B72B300A01A20 /* roboremoteblueSample.app */,
			);
			name = Products;
			sourceTree = "<group>";
		};
		49A196581C5B72B300A01A20 /* roboremoteblueSample */ = {
			isa = PBXGroup;
			children = (
				4931BE701C5F168000D8A552 /* Views */,
				4931BE641C5F059A00D8A552 /* Utils */,
				4931BE631C5F057700D8A552 /* Controllers */,
				49A1965C1C5B72B300A01A20 /* AppDelegate.h */,
				49A1965D1C5B72B300A01A20 /* AppDelegate.m */,
				49A196621C5B72B300A01A20 /* Main.storyboard */,
				49A196651C5B72B300A01A20 /* Assets.xcassets */,
				49A196671C5B72B300A01A20 /* LaunchScreen.storyboard */,
				49A1966A1C5B72B300A01A20 /* Info.plist */,
				49A196591C5B72B300A01A20 /* Supporting Files */,
			);
			path = roboremoteblueSample;
			sourceTree = "<group>";
		};
		49A196591C5B72B300A01A20 /* Supporting Files */ = {
			isa = PBXGroup;
			children = (
				49A1965A1C5B72B300A01A20 /* main.m */,
				4931BE741C5F4CCD00D8A552 /* roboremoteblueSample-Prefix.pch */,
			);
			name = "Supporting Files";
			sourceTree = "<group>";
		};
/* End PBXGroup section */

/* Begin PBXNativeTarget section */
		49A196551C5B72B300A01A20 /* roboremoteblueSample */ = {
			isa = PBXNativeTarget;
			buildConfigurationList = 49A1966D1C5B72B300A01A20 /* Build configuration list for PBXNativeTarget "roboremoteblueSample" */;
			buildPhases = (
				49A196521C5B72B300A01A20 /* Sources */,
				49A196531C5B72B300A01A20 /* Frameworks */,
				49A196541C5B72B300A01A20 /* Resources */,
				4931BE7B1C604D8200D8A552 /* Embed Frameworks */,
			);
			buildRules = (
			);
			dependencies = (
			);
			name = roboremoteblueSample;
			productName = roboremoteblueSample;
			productReference = 49A196561C5B72B300A01A20 /* roboremoteblueSample.app */;
			productType = "com.apple.product-type.application";
		};
/* End PBXNativeTarget section */

/* Begin PBXProject section */
		49A1964E1C5B72B300A01A20 /* Project object */ = {
			isa = PBXProject;
			attributes = {
				LastUpgradeCheck = 0720;
				ORGANIZATIONNAME = Wowwee;
				TargetAttributes = {
					49A196551C5B72B300A01A20 = {
						CreatedOnToolsVersion = 7.2;
						DevelopmentTeam = W73C48ERNR;
					};
				};
			};
			buildConfigurationList = 49A196511C5B72B300A01A20 /* Build configuration list for PBXProject "roboremoteblueSample" */;
			compatibilityVersion = "Xcode 3.2";
			developmentRegion = English;
			hasScannedForEncodings = 0;
			knownRegions = (
				en,
				Base,
			);
			mainGroup = 49A1964D1C5B72B300A01A20;
			productRefGroup = 49A196571C5B72B300A01A20 /* Products */;
			projectDirPath = "";
			projectRoot = "";
			targets = (
				49A196551C5B72B300A01A20 /* roboremoteblueSample */,
			);
		};
/* End PBXProject section */

/* Begin PBXResourcesBuildPhase section */
		49A196541C5B72B300A01A20 /* Resources */ = {
			isa = PBXResourcesBuildPhase;
			buildActionMask = 2147483647;
			files = (
				49A196691C5B72B300A01A20 /* LaunchScreen.storyboard in Resources */,
				49A196661C5B72B300A01A20 /* Assets.xcassets in Resources */,
				49A196641C5B72B300A01A20 /* Main.storyboard in Resources */,
			);
			runOnlyForDeploymentPostprocessing = 0;
		};
/* End PBXResourcesBuildPhase section */

/* Begin PBXSourcesBuildPhase section */
		49A196521C5B72B300A01A20 /* Sources */ = {
			isa = PBXSourcesBuildPhase;
			buildActionMask = 2147483647;
			files = (
				4931BE731C5F4A6F00D8A552 /* ConnectionViewController.m in Sources */,
				49A1965E1C5B72B300A01A20 /* AppDelegate.m in Sources */,
				4931BE781C6048F100D8A552 /* SapienRemoteController.m in Sources */,
				4931BE7E1C60954D00D8A552 /* RaptorRemoteController.m in Sources */,
				49A1965B1C5B72B300A01A20 /* main.m in Sources */,
				4931BE671C5F05B400D8A552 /* SampleNavigationController.m in Sources */,
			);
			runOnlyForDeploymentPostprocessing = 0;
		};
/* End PBXSourcesBuildPhase section */

/* Begin PBXVariantGroup section */
		49A196621C5B72B300A01A20 /* Main.storyboard */ = {
			isa = PBXVariantGroup;
			children = (
				49A196631C5B72B300A01A20 /* Base */,
			);
			name = Main.storyboard;
			sourceTree = "<group>";
		};
		49A196671C5B72B300A01A20 /* LaunchScreen.storyboard */ = {
			isa = PBXVariantGroup;
			children = (
				49A196681C5B72B300A01A20 /* Base */,
			);
			name = LaunchScreen.storyboard;
			sourceTree = "<group>";
		};
/* End PBXVariantGroup section */

/* Begin XCBuildConfiguration section */
		49A1966B1C5B72B300A01A20 /* Debug */ = {
			isa = XCBuildConfiguration;
			buildSettings = {
				ALWAYS_SEARCH_USER_PATHS = NO;
				CLANG_CXX_LANGUAGE_STANDARD = "gnu++0x";
				CLANG_CXX_LIBRARY = "libc++";
				CLANG_ENABLE_MODULES = YES;
				CLANG_ENABLE_OBJC_ARC = YES;
				CLANG_WARN_BOOL_CONVERSION = YES;
				CLANG_WARN_CONSTANT_CONVERSION = YES;
				CLANG_WARN_DIRECT_OBJC_ISA_USAGE = YES_ERROR;
				CLANG_WARN_EMPTY_BODY = YES;
				CLANG_WARN_ENUM_CONVERSION = YES;
				CLANG_WARN_INT_CONVERSION = YES;
				CLANG_WARN_OBJC_ROOT_CLASS = YES_ERROR;
				CLANG_WARN_UNREACHABLE_CODE = YES;
				CLANG_WARN__DUPLICATE_METHOD_MATCH = YES;
				"CODE_SIGN_IDENTITY[sdk=iphoneos*]" = "iPhone Developer";
				COPY_PHASE_STRIP = NO;
				DEBUG_INFORMATION_FORMAT = dwarf;
				ENABLE_STRICT_OBJC_MSGSEND = YES;
				ENABLE_TESTABILITY = YES;
				GCC_C_LANGUAGE_STANDARD = gnu99;
				GCC_DYNAMIC_NO_PIC = NO;
				GCC_NO_COMMON_BLOCKS = YES;
				GCC_OPTIMIZATION_LEVEL = 0;
				GCC_PREPROCESSOR_DEFINITIONS = (
					"DEBUG=1",
					"$(inherited)",
				);
				GCC_WARN_64_TO_32_BIT_CONVERSION = YES;
				GCC_WARN_ABOUT_RETURN_TYPE = YES_ERROR;
				GCC_WARN_UNDECLARED_SELECTOR = YES;
				GCC_WARN_UNINITIALIZED_AUTOS = YES_AGGRESSIVE;
				GCC_WARN_UNUSED_FUNCTION = YES;
				GCC_WARN_UNUSED_VARIABLE = YES;
				IPHONEOS_DEPLOYMENT_TARGET = 9.2;
				MTL_ENABLE_DEBUG_INFO = YES;
				ONLY_ACTIVE_ARCH = YES;
				SDKROOT = iphoneos;
				TARGETED_DEVICE_FAMILY = "1,2";
			};
			name = Debug;
		};
		49A1966C1C5B72B300A01A20 /* Release */ = {
			isa = XCBuildConfiguration;
			buildSettings = {
				ALWAYS_SEARCH_USER_PATHS = NO;
				CLANG_CXX_LANGUAGE_STANDARD = "gnu++0x";
				CLANG_CXX_LIBRARY = "libc++";
				CLANG_ENABLE_MODULES = YES;
				CLANG_ENABLE_OBJC_ARC = YES;
				CLANG_WARN_BOOL_CONVERSION = YES;
				CLANG_WARN_CONSTANT_CONVERSION = YES;
				CLANG_WARN_DIRECT_OBJC_ISA_USAGE = YES_ERROR;
				CLANG_WARN_EMPTY_BODY = YES;
				CLANG_WARN_ENUM_CONVERSION = YES;
				CLANG_WARN_INT_CONVERSION = YES;
				CLANG_WARN_OBJC_ROOT_CLASS = YES_ERROR;
				CLANG_WARN_UNREACHABLE_CODE = YES;
				CLANG_WARN__DUPLICATE_METHOD_MATCH = YES;
				"CODE_SIGN_IDENTITY[sdk=iphoneos*]" = "iPhone Developer";
				COPY_PHASE_STRIP = NO;
				DEBUG_INFORMATION_FORMAT = "dwarf-with-dsym";
				ENABLE_NS_ASSERTIONS = NO;
				ENABLE_STRICT_OBJC_MSGSEND = YES;
				GCC_C_LANGUAGE_STANDARD = gnu99;
				GCC_NO_COMMON_BLOCKS = YES;
				GCC_WARN_64_TO_32_BIT_CONVERSION = YES;
				GCC_WARN_ABOUT_RETURN_TYPE = YES_ERROR;
				GCC_WARN_UNDECLARED_SELECTOR = YES;
				GCC_WARN_UNINITIALIZED_AUTOS = YES_AGGRESSIVE;
				GCC_WARN_UNUSED_FUNCTION = YES;
				GCC_WARN_UNUSED_VARIABLE = YES;
				IPHONEOS_DEPLOYMENT_TARGET = 9.2;
				MTL_ENABLE_DEBUG_INFO = NO;
				SDKROOT = iphoneos;
				TARGETED_DEVICE_FAMILY = "1,2";
				VALIDATE_PRODUCT = YES;
			};
			name = Release;
		};
		49A1966E1C5B72B300A01A20 /* Debug */ = {
			isa = XCBuildConfiguration;
			buildSettings = {
				ASSETCATALOG_COMPILER_APPICON_NAME = AppIcon;
				ASSETCATALOG_COMPILER_LAUNCHIMAGE_NAME = "Brand Assets";
				CODE_SIGN_IDENTITY = "iPhone Developer";
				ENABLE_BITCODE = NO;
				FRAMEWORK_SEARCH_PATHS = (
					"$(inherited)",
					"$(PROJECT_DIR)/SDKs",
				);
				GCC_PREFIX_HEADER = "roboremoteblueSample/roboremoteblueSample-Prefix.pch";
				INFOPLIST_FILE = roboremoteblueSample/Info.plist;
				LD_RUNPATH_SEARCH_PATHS = "$(inherited) @executable_path/Frameworks";
				PRODUCT_BUNDLE_IDENTIFIER = com.wowwee.roboremoteblueSample;
				PRODUCT_NAME = "$(TARGET_NAME)";
			};
			name = Debug;
		};
		49A1966F1C5B72B300A01A20 /* Release */ = {
			isa = XCBuildConfiguration;
			buildSettings = {
				ASSETCATALOG_COMPILER_APPICON_NAME = AppIcon;
				ASSETCATALOG_COMPILER_LAUNCHIMAGE_NAME = "Brand Assets";
				CODE_SIGN_IDENTITY = "iPhone Developer";
				ENABLE_BITCODE = NO;
				FRAMEWORK_SEARCH_PATHS = (
					"$(inherited)",
					"$(PROJECT_DIR)/SDKs",
				);
				GCC_PREFIX_HEADER = "roboremoteblueSample/roboremoteblueSample-Prefix.pch";
				INFOPLIST_FILE = roboremoteblueSample/Info.plist;
				LD_RUNPATH_SEARCH_PATHS = "$(inherited) @executable_path/Frameworks";
				PRODUCT_BUNDLE_IDENTIFIER = com.wowwee.roboremoteblueSample;
				PRODUCT_NAME = "$(TARGET_NAME)";
			};
			name = Release;
		};
/* End XCBuildConfiguration section */

/* Begin XCConfigurationList section */
		49A196511C5B72B300A01A20 /* Build configuration list for PBXProject "roboremoteblueSample" */ = {
			isa = XCConfigurationList;
			buildConfigurations = (
				49A1966B1C5B72B300A01A20 /* Debug */,
				49A1966C1C5B72B300A01A20 /* Release */,
			);
			defaultConfigurationIsVisible = 0;
			defaultConfigurationName = Release;
		};
		49A1966D1C5B72B300A01A20 /* Build configuration list for PBXNativeTarget "roboremoteblueSample" */ = {
			isa = XCConfigurationList;
			buildConfigurations = (
				49A1966E1C5B72B300A01A20 /* Debug */,
				49A1966F1C5B72B300A01A20 /* Release */,
			);
			defaultConfigurationIsVisible = 0;
			defaultConfigurationName = Release;
		};
/* End XCConfigurationList section */
	};
	rootObject = 49A1964E1C5B72B300A01A20 /* Project object */;
}
